lockfileVersion: '9.0'

settings:
  autoInstallPeers: true
  excludeLinksFromLockfile: false

importers:

  .:
    dependencies:
      '@rescript/react':
        specifier: ^0.13.1
        version: 0.13.1(react-dom@19.2.5(react@19.2.5))(react@19.2.5)
      react:
        specifier: ^19.1.0
        version: 19.2.5
      react-dom:
        specifier: ^19.1.0
        version: 19.2.5(react@19.2.5)
      rescript:
        specifier: ^11.1.4
        version: 11.1.4

packages:

  '@rescript/react@0.13.1':
    resolution: {integrity: sha512-VIWtu/sAJyYmDVoAhit0LHDYQrW6RqZ6z8sh8san5cjEAT4klv8JWkiaSK3FGUfooUDkGUXXgKTkqyj8zRR21w==}
    peerDependencies:
      react: '>=18.0.0'
      react-dom: '>=18.0.0'

  react-dom@19.2.5:
    resolution: {integrity: sha512-J5bAZz+DXMMwW/wV3xzKke59Af6CHY7G4uYLN1OvBcKEsWOs4pQExj86BBKamxl/Ik5bx9whOrvBlSDfWzgSag==}
    peerDependencies:
      react: ^19.2.5

  react@19.2.5:
    resolution: {integrity: sha512-llUJLzz1zTUBrskt2pwZgLq59AemifIftw4aB7JxOqf1HY2FDaGDxgwpAPVzHU1kdWabH7FauP4i1oEeer2WCA==}
    engines: {node: '>=0.10.0'}

  rescript@11.1.4:
    resolution: {integrity: sha512-0bGU0bocihjSC6MsE3TMjHjY0EUpchyrREquLS8VsZ3ohSMD+VHUEwimEfB3kpBI1vYkw3UFZ3WD8R28guz/Vw==}
    engines: {node: '>=10'}
    hasBin: true

  scheduler@0.27.0:
    resolution: {integrity: sha512-eNv+WrVbKu1f3vbYJT/xtiF5syA5HPIMtf9IgY/nKg0sWqzAUEvqY/xm7OcZc/qafLx/iO9FgOmeSAp4v5ti/Q==}

snapshots:

  '@rescript/react@0.13.1(react-dom@19.2.5(react@19.2.5))(react@19.2.5)':
    dependencies:
      react: 19.2.5
      react-dom: 19.2.5(react@19.2.5)

  react-dom@19.2.5(react@19.2.5):
    dependencies:
      react: 19.2.5
      scheduler: 0.27.0

  react@19.2.5: {}

  rescript@11.1.4: {}

  scheduler@0.27.0: {}
